
Microsoft Visual Studio Solution File, Format Version 12.00
# Visual Studio 15
VisualStudioVersion = 15.0.26124.0
MinimumVisualStudioVersion = 15.0.26124.0
Project("{FAE04EC0-301F-11D3-BF4B-00C04F79EFBC}") = "API", "API\API.csproj", "{AC6B2A7D-B4E0-4602-892A-BD2B5BD9325E}"
EndProject
Project("{FAE04EC0-301F-11D3-BF4B-00C04F79EFBC}") = "Application", "Application\Application.csproj", "{0A5C1C58-E8EA-4D5C-8752-B9ADE2759E02}"
EndProject
Project("{FAE04EC0-301F-11D3-BF4B-00C04F79EFBC}") = "Persistence", "Persistence\Persistence.csproj", "{603A4B60-00C2-46E4-9D61-012DD1B31A98}"
EndProject
Project("{FAE04EC0-301F-11D3-BF4B-00C04F79EFBC}") = "Domain", "Domain\Domain.csproj", "{BC55AD35-836A-434A-9898-49093AC53A03}"
EndProject
Global
	GlobalSection(SolutionConfigurationPlatforms) = preSolution
		Debug|Any CPU = Debug|Any CPU
		Debug|x64 = Debug|x64
		Debug|x86 = Debug|x86
		Release|Any CPU = Release|Any CPU
		Release|x64 = Release|x64
		Release|x86 = Release|x86
	EndGlobalSection
	GlobalSection(SolutionProperties) = preSolution
		HideSolutionNode = FALSE
	EndGlobalSection
	GlobalSection(ProjectConfigurationPlatforms) = postSolution
		{AC6B2A7D-B4E0-4602-892A-BD2B5BD9325E}.Debug|Any CPU.ActiveCfg = Debug|Any CPU
		{AC6B2A7D-B4E0-4602-892A-BD2B5BD9325E}.Debug|Any CPU.Build.0 = Debug|Any CPU
		{AC6B2A7D-B4E0-4602-892A-BD2B5BD9325E}.Debug|x64.ActiveCfg = Debug|Any CPU
		{AC6B2A7D-B4E0-4602-892A-BD2B5BD9325E}.Debug|x64.Build.0 = Debug|Any CPU
		{AC6B2A7D-B4E0-4602-892A-BD2B5BD9325E}.Debug|x86.ActiveCfg = Debug|Any CPU
		{AC6B2A7D-B4E0-4602-892A-BD2B5BD9325E}.Debug|x86.Build.0 = Debug|Any CPU
		{AC6B2A7D-B4E0-4602-892A-BD2B5BD9325E}.Release|Any CPU.ActiveCfg = Release|Any CPU
		{AC6B2A7D-B4E0-4602-892A-BD2B5BD9325E}.Release|Any CPU.Build.0 = Release|Any CPU
		{AC6B2A7D-B4E0-4602-892A-BD2B5BD9325E}.Release|x64.ActiveCfg = Release|Any CPU
		{AC6B2A7D-B4E0-4602-892A-BD2B5BD9325E}.Release|x64.Build.0 = Release|Any CPU
		{AC6B2A7D-B4E0-4602-892A-BD2B5BD9325E}.Release|x86.ActiveCfg = Release|Any CPU
		{AC6B2A7D-B4E0-4602-892A-BD2B5BD9325E}.Release|x86.Build.0 = Release|Any CPU
		{0A5C1C58-E8EA-4D5C-8752-B9ADE2759E02}.Debug|Any CPU.ActiveCfg = Debug|Any CPU
		{0A5C1C58-E8EA-4D5C-8752-B9ADE2759E02}.Debug|Any CPU.Build.0 = Debug|Any CPU
		{0A5C1C58-E8EA-4D5C-8752-B9ADE2759E02}.Debug|x64.ActiveCfg = Debug|Any CPU
		{0A5C1C58-E8EA-4D5C-8752-B9ADE2759E02}.Debug|x64.Build.0 = Debug|Any CPU
		{0A5C1C58-E8EA-4D5C-8752-B9ADE2759E02}.Debug|x86.ActiveCfg = Debug|Any CPU
		{0A5C1C58-E8EA-4D5C-8752-B9ADE2759E02}.Debug|x86.Build.0 = Debug|Any CPU
		{0A5C1C58-E8EA-4D5C-8752-B9ADE2759E02}.Release|Any CPU.ActiveCfg = Release|Any CPU
		{0A5C1C58-E8EA-4D5C-8752-B9ADE2759E02}.Release|Any CPU.Build.0 = Release|Any CPU
		{0A5C1C58-E8EA-4D5C-8752-B9ADE2759E02}.Release|x64.ActiveCfg = Release|Any CPU
		{0A5C1C58-E8EA-4D5C-8752-B9ADE2759E02}.Release|x64.Build.0 = Release|Any CPU
		{0A5C1C58-E8EA-4D5C-8752-B9ADE2759E02}.Release|x86.ActiveCfg = Release|Any CPU
		{0A5C1C58-E8EA-4D5C-8752-B9ADE2759E02}.Release|x86.Build.0 = Release|Any CPU
		{603A4B60-00C2-46E4-9D61-012DD1B31A98}.Debug|Any CPU.ActiveCfg = Debug|Any CPU
		{603A4B60-00C2-46E4-9D61-012DD1B31A98}.Debug|Any CPU.Build.0 = Debug|Any CPU
		{603A4B60-00C2-46E4-9D61-012DD1B31A98}.Debug|x64.ActiveCfg = Debug|Any CPU
		{603A4B60-00C2-46E4-9D61-012DD1B31A98}.Debug|x64.Build.0 = Debug|Any CPU
		{603A4B60-00C2-46E4-9D61-012DD1B31A98}.Debug|x86.ActiveCfg = Debug|Any CPU
		{603A4B60-00C2-46E4-9D61-012DD1B31A98}.Debug|x86.Build.0 = Debug|Any CPU
		{603A4B60-00C2-46E4-9D61-012DD1B31A98}.Release|Any CPU.ActiveCfg = Release|Any CPU
		{603A4B60-00C2-46E4-9D61-012DD1B31A98}.Release|Any CPU.Build.0 = Release|Any CPU
		{603A4B60-00C2-46E4-9D61-012DD1B31A98}.Release|x64.ActiveCfg = Release|Any CPU
		{603A4B60-00C2-46E4-9D61-012DD1B31A98}.Release|x64.Build.0 = Release|Any CPU
		{603A4B60-00C2-46E4-9D61-012DD1B31A98}.Release|x86.ActiveCfg = Release|Any CPU
		{603A4B60-00C2-46E4-9D61-012DD1B31A98}.Release|x86.Build.0 = Release|Any CPU
		{BC55AD35-836A-434A-9898-49093AC53A03}.Debug|Any CPU.ActiveCfg = Debug|Any CPU
		{BC55AD35-836A-434A-9898-49093AC53A03}.Debug|Any CPU.Build.0 = Debug|Any CPU
		{BC55AD35-836A-434A-9898-49093AC53A03}.Debug|x64.ActiveCfg = Debug|Any CPU
		{BC55AD35-836A-434A-9898-49093AC53A03}.Debug|x64.Build.0 = Debug|Any CPU
		{BC55AD35-836A-434A-9898-49093AC53A03}.Debug|x86.ActiveCfg = Debug|Any CPU
		{BC55AD35-836A-434A-9898-49093AC53A03}.Debug|x86.Build.0 = Debug|Any CPU
		{BC55AD35-836A-434A-9898-49093AC53A03}.Release|Any CPU.ActiveCfg = Release|Any CPU
		{BC55AD35-836A-434A-9898-49093AC53A03}.Release|Any CPU.Build.0 = Release|Any CPU
		{BC55AD35-836A-434A-9898-49093AC53A03}.Release|x64.ActiveCfg = Release|Any CPU
		{BC55AD35-836A-434A-9898-49093AC53A03}.Release|x64.Build.0 = Release|Any CPU
		{BC55AD35-836A-434A-9898-49093AC53A03}.Release|x86.ActiveCfg = Release|Any CPU
		{BC55AD35-836A-434A-9898-49093AC53A03}.Release|x86.Build.0 = Release|Any CPU
	EndGlobalSection
EndGlobal
